
Microsoft Visual Studio Solution File, Format Version 12.00
# Visual Studio 15
VisualStudioVersion = 15.0.26430.16
MinimumVisualStudioVersion = 10.0.40219.1
Project("{FAE04EC0-301F-11D3-BF4B-00C04F79EFBC}") = "CasaDoCodigoFoods.Android", "CasaDoCodigoFoods\CasaDoCodigoFoods.Android\CasaDoCodigoFoods.Android.csproj", "{09C78D99-FB2C-4AB9-A4F1-30591D3C4E12}"
EndProject
Project("{FAE04EC0-301F-11D3-BF4B-00C04F79EFBC}") = "CasaDoCodigoFoods", "CasaDoCodigoFoods\CasaDoCodigoFoods\CasaDoCodigoFoods.csproj", "{246C0AD5-9BAE-4152-A75A-DC141237B9A1}"
EndProject
Project("{FAE04EC0-301F-11D3-BF4B-00C04F79EFBC}") = "CasaDoCodigoFoods.UWP", "CasaDoCodigoFoods\CasaDoCodigoFoods.UWP\CasaDoCodigoFoods.UWP.csproj", "{394D1CB6-BDC7-41AF-894E-1FE016B8C8C9}"
EndProject
Project("{FAE04EC0-301F-11D3-BF4B-00C04F79EFBC}") = "CasaDoCodigoFoods.iOS", "CasaDoCodigoFoods\CasaDoCodigoFoods.iOS\CasaDoCodigoFoods.iOS.csproj", "{533269C2-A20D-4D8A-A737-BCDB4996CB5A}"
EndProject
Global
	GlobalSection(SolutionConfigurationPlatforms) = preSolution
		Ad-Hoc|Any CPU = Ad-Hoc|Any CPU
		Ad-Hoc|ARM = Ad-Hoc|ARM
		Ad-Hoc|iPhone = Ad-Hoc|iPhone
		Ad-Hoc|iPhoneSimulator = Ad-Hoc|iPhoneSimulator
		Ad-Hoc|x64 = Ad-Hoc|x64
		Ad-Hoc|x86 = Ad-Hoc|x86
		AppStore|Any CPU = AppStore|Any CPU
		AppStore|ARM = AppStore|ARM
		AppStore|iPhone = AppStore|iPhone
		AppStore|iPhoneSimulator = AppStore|iPhoneSimulator
		AppStore|x64 = AppStore|x64
		AppStore|x86 = AppStore|x86
		Debug|Any CPU = Debug|Any CPU
		Debug|ARM = Debug|ARM
		Debug|iPhone = Debug|iPhone
		Debug|iPhoneSimulator = Debug|iPhoneSimulator
		Debug|x64 = Debug|x64
		Debug|x86 = Debug|x86
		Release|Any CPU = Release|Any CPU
		Release|ARM = Release|ARM
		Release|iPhone = Release|iPhone
		Release|iPhoneSimulator = Release|iPhoneSimulator
		Release|x64 = Release|x64
		Release|x86 = Release|x86
	EndGlobalSection
	GlobalSection(ProjectConfigurationPlatforms) = postSolution
		{09C78D99-FB2C-4AB9-A4F1-30591D3C4E12}.Ad-Hoc|Any CPU.ActiveCfg = Release|Any CPU
		{09C78D99-FB2C-4AB9-A4F1-30591D3C4E12}.Ad-Hoc|Any CPU.Build.0 = Release|Any CPU
		{09C78D99-FB2C-4AB9-A4F1-30591D3C4E12}.Ad-Hoc|Any CPU.Deploy.0 = Release|Any CPU
		{09C78D99-FB2C-4AB9-A4F1-30591D3C4E12}.Ad-Hoc|ARM.ActiveCfg = Release|Any CPU
		{09C78D99-FB2C-4AB9-A4F1-30591D3C4E12}.Ad-Hoc|ARM.Build.0 = Release|Any CPU
		{09C78D99-FB2C-4AB9-A4F1-30591D3C4E12}.Ad-Hoc|ARM.Deploy.0 = Release|Any CPU
		{09C78D99-FB2C-4AB9-A4F1-30591D3C4E12}.Ad-Hoc|iPhone.ActiveCfg = Release|Any CPU
		{09C78D99-FB2C-4AB9-A4F1-30591D3C4E12}.Ad-Hoc|iPhone.Build.0 = Release|Any CPU
		{09C78D99-FB2C-4AB9-A4F1-30591D3C4E12}.Ad-Hoc|iPhone.Deploy.0 = Release|Any CPU
		{09C78D99-FB2C-4AB9-A4F1-30591D3C4E12}.Ad-Hoc|iPhoneSimulator.ActiveCfg = Release|Any CPU
		{09C78D99-FB2C-4AB9-A4F1-30591D3C4E12}.Ad-Hoc|iPhoneSimulator.Build.0 = Release|Any CPU
		{09C78D99-FB2C-4AB9-A4F1-30591D3C4E12}.Ad-Hoc|iPhoneSimulator.Deploy.0 = Release|Any CPU
		{09C78D99-FB2C-4AB9-A4F1-30591D3C4E12}.Ad-Hoc|x64.ActiveCfg = Release|Any CPU
		{09C78D99-FB2C-4AB9-A4F1-30591D3C4E12}.Ad-Hoc|x64.Build.0 = Release|Any CPU
		{09C78D99-FB2C-4AB9-A4F1-30591D3C4E12}.Ad-Hoc|x64.Deploy.0 = Release|Any CPU
		{09C78D99-FB2C-4AB9-A4F1-30591D3C4E12}.Ad-Hoc|x86.ActiveCfg = Release|Any CPU
		{09C78D99-FB2C-4AB9-A4F1-30591D3C4E12}.Ad-Hoc|x86.Build.0 = Release|Any CPU
		{09C78D99-FB2C-4AB9-A4F1-30591D3C4E12}.Ad-Hoc|x86.Deploy.0 = Release|Any CPU
		{09C78D99-FB2C-4AB9-A4F1-30591D3C4E12}.AppStore|Any CPU.ActiveCfg = Release|Any CPU
		{09C78D99-FB2C-4AB9-A4F1-30591D3C4E12}.AppStore|Any CPU.Build.0 = Release|Any CPU
		{09C78D99-FB2C-4AB9-A4F1-30591D3C4E12}.AppStore|Any CPU.Deploy.0 = Release|Any CPU
		{09C78D99-FB2C-4AB9-A4F1-30591D3C4E12}.AppStore|ARM.ActiveCfg = Release|Any CPU
		{09C78D99-FB2C-4AB9-A4F1-30591D3C4E12}.AppStore|ARM.Build.0 = Release|Any CPU
		{09C78D99-FB2C-4AB9-A4F1-30591D3C4E12}.AppStore|ARM.Deploy.0 = Release|Any CPU
		{09C78D99-FB2C-4AB9-A4F1-30591D3C4E12}.AppStore|iPhone.ActiveCfg = Release|Any CPU
		{09C78D99-FB2C-4AB9-A4F1-30591D3C4E12}.AppStore|iPhone.Build.0 = Release|Any CPU
		{09C78D99-FB2C-4AB9-A4F1-30591D3C4E12}.AppStore|iPhone.Deploy.0 = Release|Any CPU
		{09C78D99-FB2C-4AB9-A4F1-30591D3C4E12}.AppStore|iPhoneSimulator.ActiveCfg = Release|Any CPU
		{09C78D99-FB2C-4AB9-A4F1-30591D3C4E12}.AppStore|iPhoneSimulator.Build.0 = Release|Any CPU
		{09C78D99-FB2C-4AB9-A4F1-30591D3C4E12}.AppStore|iPhoneSimulator.Deploy.0 = Release|Any CPU
		{09C78D99-FB2C-4AB9-A4F1-30591D3C4E12}.AppStore|x64.ActiveCfg = Release|Any CPU
		{09C78D99-FB2C-4AB9-A4F1-30591D3C4E12}.AppStore|x64.Build.0 = Release|Any CPU
		{09C78D99-FB2C-4AB9-A4F1-30591D3C4E12}.AppStore|x64.Deploy.0 = Release|Any CPU
		{09C78D99-FB2C-4AB9-A4F1-30591D3C4E12}.AppStore|x86.ActiveCfg = Release|Any CPU
		{09C78D99-FB2C-4AB9-A4F1-30591D3C4E12}.AppStore|x86.Build.0 = Release|Any CPU
		{09C78D99-FB2C-4AB9-A4F1-30591D3C4E12}.AppStore|x86.Deploy.0 = Release|Any CPU
		{09C78D99-FB2C-4AB9-A4F1-30591D3C4E12}.Debug|Any CPU.ActiveCfg = Debug|Any CPU
		{09C78D99-FB2C-4AB9-A4F1-30591D3C4E12}.Debug|Any CPU.Build.0 = Debug|Any CPU
		{09C78D99-FB2C-4AB9-A4F1-30591D3C4E12}.Debug|Any CPU.Deploy.0 = Debug|Any CPU
		{09C78D99-FB2C-4AB9-A4F1-30591D3C4E12}.Debug|ARM.ActiveCfg = Debug|Any CPU
		{09C78D99-FB2C-4AB9-A4F1-30591D3C4E12}.Debug|ARM.Build.0 = Debug|Any CPU
		{09C78D99-FB2C-4AB9-A4F1-30591D3C4E12}.Debug|ARM.Deploy.0 = Debug|Any CPU
		{09C78D99-FB2C-4AB9-A4F1-30591D3C4E12}.Debug|iPhone.ActiveCfg = Debug|Any CPU
		{09C78D99-FB2C-4AB9-A4F1-30591D3C4E12}.Debug|iPhone.Build.0 = Debug|Any CPU
		{09C78D99-FB2C-4AB9-A4F1-30591D3C4E12}.Debug|iPhone.Deploy.0 = Debug|Any CPU
		{09C78D99-FB2C-4AB9-A4F1-30591D3C4E12}.Debug|iPhoneSimulator.ActiveCfg = Debug|Any CPU
		{09C78D99-FB2C-4AB9-A4F1-30591D3C4E12}.Debug|iPhoneSimulator.Build.0 = Debug|Any CPU
		{09C78D99-FB2C-4AB9-A4F1-30591D3C4E12}.Debug|iPhoneSimulator.Deploy.0 = Debug|Any CPU
		{09C78D99-FB2C-4AB9-A4F1-30591D3C4E12}.Debug|x64.ActiveCfg = Debug|Any CPU
		{09C78D99-FB2C-4AB9-A4F1-30591D3C4E12}.Debug|x64.Build.0 = Debug|Any CPU
		{09C78D99-FB2C-4AB9-A4F1-30591D3C4E12}.Debug|x64.Deploy.0 = Debug|Any CPU
		{09C78D99-FB2C-4AB9-A4F1-30591D3C4E12}.Debug|x86.ActiveCfg = Debug|Any CPU
		{09C78D99-FB2C-4AB9-A4F1-30591D3C4E12}.Debug|x86.Build.0 = Debug|Any CPU
		{09C78D99-FB2C-4AB9-A4F1-30591D3C4E12}.Debug|x86.Deploy.0 = Debug|Any CPU
		{09C78D99-FB2C-4AB9-A4F1-30591D3C4E12}.Release|Any CPU.ActiveCfg = Release|Any CPU
		{09C78D99-FB2C-4AB9-A4F1-30591D3C4E12}.Release|Any CPU.Build.0 = Release|Any CPU
		{09C78D99-FB2C-4AB9-A4F1-30591D3C4E12}.Release|Any CPU.Deploy.0 = Release|Any CPU
		{09C78D99-FB2C-4AB9-A4F1-30591D3C4E12}.Release|ARM.ActiveCfg = Release|Any CPU
		{09C78D99-FB2C-4AB9-A4F1-30591D3C4E12}.Release|ARM.Build.0 = Release|Any CPU
		{09C78D99-FB2C-4AB9-A4F1-30591D3C4E12}.Release|ARM.Deploy.0 = Release|Any CPU
		{09C78D99-FB2C-4AB9-A4F1-30591D3C4E12}.Release|iPhone.ActiveCfg = Release|Any CPU
		{09C78D99-FB2C-4AB9-A4F1-30591D3C4E12}.Release|iPhone.Build.0 = Release|Any CPU
		{09C78D99-FB2C-4AB9-A4F1-30591D3C4E12}.Release|iPhone.Deploy.0 = Release|Any CPU
		{09C78D99-FB2C-4AB9-A4F1-30591D3C4E12}.Release|iPhoneSimulator.ActiveCfg = Release|Any CPU
		{09C78D99-FB2C-4AB9-A4F1-30591D3C4E12}.Release|iPhoneSimulator.Build.0 = Release|Any CPU
		{09C78D99-FB2C-4AB9-A4F1-30591D3C4E12}.Release|iPhoneSimulator.Deploy.0 = Release|Any CPU
		{09C78D99-FB2C-4AB9-A4F1-30591D3C4E12}.Release|x64.ActiveCfg = Release|Any CPU
		{09C78D99-FB2C-4AB9-A4F1-30591D3C4E12}.Release|x64.Build.0 = Release|Any CPU
		{09C78D99-FB2C-4AB9-A4F1-30591D3C4E12}.Release|x64.Deploy.0 = Release|Any CPU
		{09C78D99-FB2C-4AB9-A4F1-30591D3C4E12}.Release|x86.ActiveCfg = Release|Any CPU
		{09C78D99-FB2C-4AB9-A4F1-30591D3C4E12}.Release|x86.Build.0 = Release|Any CPU
		{09C78D99-FB2C-4AB9-A4F1-30591D3C4E12}.Release|x86.Deploy.0 = Release|Any CPU
		{246C0AD5-9BAE-4152-A75A-DC141237B9A1}.Ad-Hoc|Any CPU.ActiveCfg = Release|Any CPU
		{246C0AD5-9BAE-4152-A75A-DC141237B9A1}.Ad-Hoc|Any CPU.Build.0 = Release|Any CPU
		{246C0AD5-9BAE-4152-A75A-DC141237B9A1}.Ad-Hoc|ARM.ActiveCfg = Release|Any CPU
		{246C0AD5-9BAE-4152-A75A-DC141237B9A1}.Ad-Hoc|ARM.Build.0 = Release|Any CPU
		{246C0AD5-9BAE-4152-A75A-DC141237B9A1}.Ad-Hoc|iPhone.ActiveCfg = Release|Any CPU
		{246C0AD5-9BAE-4152-A75A-DC141237B9A1}.Ad-Hoc|iPhone.Build.0 = Release|Any CPU
		{246C0AD5-9BAE-4152-A75A-DC141237B9A1}.Ad-Hoc|iPhoneSimulator.ActiveCfg = Release|Any CPU
		{246C0AD5-9BAE-4152-A75A-DC141237B9A1}.Ad-Hoc|iPhoneSimulator.Build.0 = Release|Any CPU
		{246C0AD5-9BAE-4152-A75A-DC141237B9A1}.Ad-Hoc|x64.ActiveCfg = Release|Any CPU
		{246C0AD5-9BAE-4152-A75A-DC141237B9A1}.Ad-Hoc|x64.Build.0 = Release|Any CPU
		{246C0AD5-9BAE-4152-A75A-DC141237B9A1}.Ad-Hoc|x86.ActiveCfg = Release|Any CPU
		{246C0AD5-9BAE-4152-A75A-DC141237B9A1}.Ad-Hoc|x86.Build.0 = Release|Any CPU
		{246C0AD5-9BAE-4152-A75A-DC141237B9A1}.AppStore|Any CPU.ActiveCfg = Release|Any CPU
		{246C0AD5-9BAE-4152-A75A-DC141237B9A1}.AppStore|Any CPU.Build.0 = Release|Any CPU
		{246C0AD5-9BAE-4152-A75A-DC141237B9A1}.AppStore|ARM.ActiveCfg = Release|Any CPU
		{246C0AD5-9BAE-4152-A75A-DC141237B9A1}.AppStore|ARM.Build.0 = Release|Any CPU
		{246C0AD5-9BAE-4152-A75A-DC141237B9A1}.AppStore|iPhone.ActiveCfg = Release|Any CPU
		{246C0AD5-9BAE-4152-A75A-DC141237B9A1}.AppStore|iPhone.Build.0 = Release|Any CPU
		{246C0AD5-9BAE-4152-A75A-DC141237B9A1}.AppStore|iPhoneSimulator.ActiveCfg = Release|Any CPU
		{246C0AD5-9BAE-4152-A75A-DC141237B9A1}.AppStore|iPhoneSimulator.Build.0 = Release|Any CPU
		{246C0AD5-9BAE-4152-A75A-DC141237B9A1}.AppStore|x64.ActiveCfg = Release|Any CPU
		{246C0AD5-9BAE-4152-A75A-DC141237B9A1}.AppStore|x64.Build.0 = Release|Any CPU
		{246C0AD5-9BAE-4152-A75A-DC141237B9A1}.AppStore|x86.ActiveCfg = Release|Any CPU
		{246C0AD5-9BAE-4152-A75A-DC141237B9A1}.AppStore|x86.Build.0 = Release|Any CPU
		{246C0AD5-9BAE-4152-A75A-DC141237B9A1}.Debug|Any CPU.ActiveCfg = Debug|Any CPU
		{246C0AD5-9BAE-4152-A75A-DC141237B9A1}.Debug|Any CPU.Build.0 = Debug|Any CPU
		{246C0AD5-9BAE-4152-A75A-DC141237B9A1}.Debug|ARM.ActiveCfg = Debug|Any CPU
		{246C0AD5-9BAE-4152-A75A-DC141237B9A1}.Debug|ARM.Build.0 = Debug|Any CPU
		{246C0AD5-9BAE-4152-A75A-DC141237B9A1}.Debug|iPhone.ActiveCfg = Debug|Any CPU
		{246C0AD5-9BAE-4152-A75A-DC141237B9A1}.Debug|iPhone.Build.0 = Debug|Any CPU
		{246C0AD5-9BAE-4152-A75A-DC141237B9A1}.Debug|iPhoneSimulator.ActiveCfg = Debug|Any CPU
		{246C0AD5-9BAE-4152-A75A-DC141237B9A1}.Debug|iPhoneSimulator.Build.0 = Debug|Any CPU
		{246C0AD5-9BAE-4152-A75A-DC141237B9A1}.Debug|x64.ActiveCfg = Debug|Any CPU
		{246C0AD5-9BAE-4152-A75A-DC141237B9A1}.Debug|x64.Build.0 = Debug|Any CPU
		{246C0AD5-9BAE-4152-A75A-DC141237B9A1}.Debug|x86.ActiveCfg = Debug|Any CPU
		{246C0AD5-9BAE-4152-A75A-DC141237B9A1}.Debug|x86.Build.0 = Debug|Any CPU
		{246C0AD5-9BAE-4152-A75A-DC141237B9A1}.Release|Any CPU.ActiveCfg = Release|Any CPU
		{246C0AD5-9BAE-4152-A75A-DC141237B9A1}.Release|Any CPU.Build.0 = Release|Any CPU
		{246C0AD5-9BAE-4152-A75A-DC141237B9A1}.Release|ARM.ActiveCfg = Release|Any CPU
		{246C0AD5-9BAE-4152-A75A-DC141237B9A1}.Release|ARM.Build.0 = Release|Any CPU
		{246C0AD5-9BAE-4152-A75A-DC141237B9A1}.Release|iPhone.ActiveCfg = Release|Any CPU
		{246C0AD5-9BAE-4152-A75A-DC141237B9A1}.Release|iPhone.Build.0 = Release|Any CPU
		{246C0AD5-9BAE-4152-A75A-DC141237B9A1}.Release|iPhoneSimulator.ActiveCfg = Release|Any CPU
		{246C0AD5-9BAE-4152-A75A-DC141237B9A1}.Release|iPhoneSimulator.Build.0 = Release|Any CPU
		{246C0AD5-9BAE-4152-A75A-DC141237B9A1}.Release|x64.ActiveCfg = Release|Any CPU
		{246C0AD5-9BAE-4152-A75A-DC141237B9A1}.Release|x64.Build.0 = Release|Any CPU
		{246C0AD5-9BAE-4152-A75A-DC141237B9A1}.Release|x86.ActiveCfg = Release|Any CPU
		{246C0AD5-9BAE-4152-A75A-DC141237B9A1}.Release|x86.Build.0 = Release|Any CPU
		{394D1CB6-BDC7-41AF-894E-1FE016B8C8C9}.Ad-Hoc|Any CPU.ActiveCfg = Release|x86
		{394D1CB6-BDC7-41AF-894E-1FE016B8C8C9}.Ad-Hoc|Any CPU.Build.0 = Release|x86
		{394D1CB6-BDC7-41AF-894E-1FE016B8C8C9}.Ad-Hoc|Any CPU.Deploy.0 = Release|x86
		{394D1CB6-BDC7-41AF-894E-1FE016B8C8C9}.Ad-Hoc|ARM.ActiveCfg = Release|ARM
		{394D1CB6-BDC7-41AF-894E-1FE016B8C8C9}.Ad-Hoc|ARM.Build.0 = Release|ARM
		{394D1CB6-BDC7-41AF-894E-1FE016B8C8C9}.Ad-Hoc|ARM.Deploy.0 = Release|ARM
		{394D1CB6-BDC7-41AF-894E-1FE016B8C8C9}.Ad-Hoc|iPhone.ActiveCfg = Release|x86
		{394D1CB6-BDC7-41AF-894E-1FE016B8C8C9}.Ad-Hoc|iPhone.Build.0 = Release|x86
		{394D1CB6-BDC7-41AF-894E-1FE016B8C8C9}.Ad-Hoc|iPhone.Deploy.0 = Release|x86
		{394D1CB6-BDC7-41AF-894E-1FE016B8C8C9}.Ad-Hoc|iPhoneSimulator.ActiveCfg = Release|x86
		{394D1CB6-BDC7-41AF-894E-1FE016B8C8C9}.Ad-Hoc|iPhoneSimulator.Build.0 = Release|x86
		{394D1CB6-BDC7-41AF-894E-1FE016B8C8C9}.Ad-Hoc|iPhoneSimulator.Deploy.0 = Release|x86
		{394D1CB6-BDC7-41AF-894E-1FE016B8C8C9}.Ad-Hoc|x64.ActiveCfg = Release|x64
		{394D1CB6-BDC7-41AF-894E-1FE016B8C8C9}.Ad-Hoc|x64.Build.0 = Release|x64
		{394D1CB6-BDC7-41AF-894E-1FE016B8C8C9}.Ad-Hoc|x64.Deploy.0 = Release|x64
		{394D1CB6-BDC7-41AF-894E-1FE016B8C8C9}.Ad-Hoc|x86.ActiveCfg = Release|x86
		{394D1CB6-BDC7-41AF-894E-1FE016B8C8C9}.Ad-Hoc|x86.Build.0 = Release|x86
		{394D1CB6-BDC7-41AF-894E-1FE016B8C8C9}.Ad-Hoc|x86.Deploy.0 = Release|x86
		{394D1CB6-BDC7-41AF-894E-1FE016B8C8C9}.AppStore|Any CPU.ActiveCfg = Release|x86
		{394D1CB6-BDC7-41AF-894E-1FE016B8C8C9}.AppStore|Any CPU.Build.0 = Release|x86
		{394D1CB6-BDC7-41AF-894E-1FE016B8C8C9}.AppStore|Any CPU.Deploy.0 = Release|x86
		{394D1CB6-BDC7-41AF-894E-1FE016B8C8C9}.AppStore|ARM.ActiveCfg = Release|ARM
		{394D1CB6-BDC7-41AF-894E-1FE016B8C8C9}.AppStore|ARM.Build.0 = Release|ARM
		{394D1CB6-BDC7-41AF-894E-1FE016B8C8C9}.AppStore|ARM.Deploy.0 = Release|ARM
		{394D1CB6-BDC7-41AF-894E-1FE016B8C8C9}.AppStore|iPhone.ActiveCfg = Release|x86
		{394D1CB6-BDC7-41AF-894E-1FE016B8C8C9}.AppStore|iPhone.Build.0 = Release|x86
		{394D1CB6-BDC7-41AF-894E-1FE016B8C8C9}.AppStore|iPhone.Deploy.0 = Release|x86
		{394D1CB6-BDC7-41AF-894E-1FE016B8C8C9}.AppStore|iPhoneSimulator.ActiveCfg = Release|x86
		{394D1CB6-BDC7-41AF-894E-1FE016B8C8C9}.AppStore|iPhoneSimulator.Build.0 = Release|x86
		{394D1CB6-BDC7-41AF-894E-1FE016B8C8C9}.AppStore|iPhoneSimulator.Deploy.0 = Release|x86
		{394D1CB6-BDC7-41AF-894E-1FE016B8C8C9}.AppStore|x64.ActiveCfg = Release|x64
		{394D1CB6-BDC7-41AF-894E-1FE016B8C8C9}.AppStore|x64.Build.0 = Release|x64
		{394D1CB6-BDC7-41AF-894E-1FE016B8C8C9}.AppStore|x64.Deploy.0 = Release|x64
		{394D1CB6-BDC7-41AF-894E-1FE016B8C8C9}.AppStore|x86.ActiveCfg = Release|x86
		{394D1CB6-BDC7-41AF-894E-1FE016B8C8C9}.AppStore|x86.Build.0 = Release|x86
		{394D1CB6-BDC7-41AF-894E-1FE016B8C8C9}.AppStore|x86.Deploy.0 = Release|x86
		{394D1CB6-BDC7-41AF-894E-1FE016B8C8C9}.Debug|Any CPU.ActiveCfg = Debug|x86
		{394D1CB6-BDC7-41AF-894E-1FE016B8C8C9}.Debug|Any CPU.Build.0 = Debug|x86
		{394D1CB6-BDC7-41AF-894E-1FE016B8C8C9}.Debug|Any CPU.Deploy.0 = Debug|x86
		{394D1CB6-BDC7-41AF-894E-1FE016B8C8C9}.Debug|ARM.ActiveCfg = Debug|ARM
		{394D1CB6-BDC7-41AF-894E-1FE016B8C8C9}.Debug|ARM.Build.0 = Debug|ARM
		{394D1CB6-BDC7-41AF-894E-1FE016B8C8C9}.Debug|ARM.Deploy.0 = Debug|ARM
		{394D1CB6-BDC7-41AF-894E-1FE016B8C8C9}.Debug|iPhone.ActiveCfg = Debug|x86
		{394D1CB6-BDC7-41AF-894E-1FE016B8C8C9}.Debug|iPhoneSimulator.ActiveCfg = Debug|x86
		{394D1CB6-BDC7-41AF-894E-1FE016B8C8C9}.Debug|x64.ActiveCfg = Debug|x64
		{394D1CB6-BDC7-41AF-894E-1FE016B8C8C9}.Debug|x64.Build.0 = Debug|x64
		{394D1CB6-BDC7-41AF-894E-1FE016B8C8C9}.Debug|x64.Deploy.0 = Debug|x64
		{394D1CB6-BDC7-41AF-894E-1FE016B8C8C9}.Debug|x86.ActiveCfg = Debug|x86
		{394D1CB6-BDC7-41AF-894E-1FE016B8C8C9}.Debug|x86.Build.0 = Debug|x86
		{394D1CB6-BDC7-41AF-894E-1FE016B8C8C9}.Debug|x86.Deploy.0 = Debug|x86
		{394D1CB6-BDC7-41AF-894E-1FE016B8C8C9}.Release|Any CPU.ActiveCfg = Release|x86
		{394D1CB6-BDC7-41AF-894E-1FE016B8C8C9}.Release|ARM.ActiveCfg = Release|ARM
		{394D1CB6-BDC7-41AF-894E-1FE016B8C8C9}.Release|ARM.Build.0 = Release|ARM
		{394D1CB6-BDC7-41AF-894E-1FE016B8C8C9}.Release|ARM.Deploy.0 = Release|ARM
		{394D1CB6-BDC7-41AF-894E-1FE016B8C8C9}.Release|iPhone.ActiveCfg = Release|x86
		{394D1CB6-BDC7-41AF-894E-1FE016B8C8C9}.Release|iPhoneSimulator.ActiveCfg = Release|x86
		{394D1CB6-BDC7-41AF-894E-1FE016B8C8C9}.Release|x64.ActiveCfg = Release|x64
		{394D1CB6-BDC7-41AF-894E-1FE016B8C8C9}.Release|x64.Build.0 = Release|x64
		{394D1CB6-BDC7-41AF-894E-1FE016B8C8C9}.Release|x64.Deploy.0 = Release|x64
		{394D1CB6-BDC7-41AF-894E-1FE016B8C8C9}.Release|x86.ActiveCfg = Release|x86
		{394D1CB6-BDC7-41AF-894E-1FE016B8C8C9}.Release|x86.Build.0 = Release|x86
		{394D1CB6-BDC7-41AF-894E-1FE016B8C8C9}.Release|x86.Deploy.0 = Release|x86
		{533269C2-A20D-4D8A-A737-BCDB4996CB5A}.Ad-Hoc|Any CPU.ActiveCfg = Ad-Hoc|iPhone
		{533269C2-A20D-4D8A-A737-BCDB4996CB5A}.Ad-Hoc|ARM.ActiveCfg = Ad-Hoc|iPhone
		{533269C2-A20D-4D8A-A737-BCDB4996CB5A}.Ad-Hoc|iPhone.ActiveCfg = Ad-Hoc|iPhone
		{533269C2-A20D-4D8A-A737-BCDB4996CB5A}.Ad-Hoc|iPhone.Build.0 = Ad-Hoc|iPhone
		{533269C2-A20D-4D8A-A737-BCDB4996CB5A}.Ad-Hoc|iPhoneSimulator.ActiveCfg = Ad-Hoc|iPhoneSimulator
		{533269C2-A20D-4D8A-A737-BCDB4996CB5A}.Ad-Hoc|iPhoneSimulator.Build.0 = Ad-Hoc|iPhoneSimulator
		{533269C2-A20D-4D8A-A737-BCDB4996CB5A}.Ad-Hoc|x64.ActiveCfg = Ad-Hoc|iPhone
		{533269C2-A20D-4D8A-A737-BCDB4996CB5A}.Ad-Hoc|x86.ActiveCfg = Ad-Hoc|iPhone
		{533269C2-A20D-4D8A-A737-BCDB4996CB5A}.AppStore|Any CPU.ActiveCfg = AppStore|iPhone
		{533269C2-A20D-4D8A-A737-BCDB4996CB5A}.AppStore|ARM.ActiveCfg = AppStore|iPhone
		{533269C2-A20D-4D8A-A737-BCDB4996CB5A}.AppStore|iPhone.ActiveCfg = AppStore|iPhone
		{533269C2-A20D-4D8A-A737-BCDB4996CB5A}.AppStore|iPhone.Build.0 = AppStore|iPhone
		{533269C2-A20D-4D8A-A737-BCDB4996CB5A}.AppStore|iPhoneSimulator.ActiveCfg = AppStore|iPhoneSimulator
		{533269C2-A20D-4D8A-A737-BCDB4996CB5A}.AppStore|iPhoneSimulator.Build.0 = AppStore|iPhoneSimulator
		{533269C2-A20D-4D8A-A737-BCDB4996CB5A}.AppStore|x64.ActiveCfg = AppStore|iPhone
		{533269C2-A20D-4D8A-A737-BCDB4996CB5A}.AppStore|x86.ActiveCfg = AppStore|iPhone
		{533269C2-A20D-4D8A-A737-BCDB4996CB5A}.Debug|Any CPU.ActiveCfg = Debug|iPhone
		{533269C2-A20D-4D8A-A737-BCDB4996CB5A}.Debug|ARM.ActiveCfg = Debug|iPhone
		{533269C2-A20D-4D8A-A737-BCDB4996CB5A}.Debug|iPhone.ActiveCfg = Debug|iPhone
		{533269C2-A20D-4D8A-A737-BCDB4996CB5A}.Debug|iPhone.Build.0 = Debug|iPhone
		{533269C2-A20D-4D8A-A737-BCDB4996CB5A}.Debug|iPhoneSimulator.ActiveCfg = Debug|iPhoneSimulator
		{533269C2-A20D-4D8A-A737-BCDB4996CB5A}.Debug|iPhoneSimulator.Build.0 = Debug|iPhoneSimulator
		{533269C2-A20D-4D8A-A737-BCDB4996CB5A}.Debug|x64.ActiveCfg = Debug|iPhone
		{533269C2-A20D-4D8A-A737-BCDB4996CB5A}.Debug|x86.ActiveCfg = Debug|iPhone
		{533269C2-A20D-4D8A-A737-BCDB4996CB5A}.Release|Any CPU.ActiveCfg = Release|iPhone
		{533269C2-A20D-4D8A-A737-BCDB4996CB5A}.Release|ARM.ActiveCfg = Release|iPhone
		{533269C2-A20D-4D8A-A737-BCDB4996CB5A}.Release|iPhone.ActiveCfg = Release|iPhone
		{533269C2-A20D-4D8A-A737-BCDB4996CB5A}.Release|iPhone.Build.0 = Release|iPhone
		{533269C2-A20D-4D8A-A737-BCDB4996CB5A}.Release|iPhoneSimulator.ActiveCfg = Release|iPhoneSimulator
		{533269C2-A20D-4D8A-A737-BCDB4996CB5A}.Release|iPhoneSimulator.Build.0 = Release|iPhoneSimulator
		{533269C2-A20D-4D8A-A737-BCDB4996CB5A}.Release|x64.ActiveCfg = Release|iPhone
		{533269C2-A20D-4D8A-A737-BCDB4996CB5A}.Release|x86.ActiveCfg = Release|iPhone
	EndGlobalSection
	GlobalSection(SolutionProperties) = preSolution
		HideSolutionNode = FALSE
	EndGlobalSection
EndGlobal
